{
    "_meta": {
        "hash": {
            "sha256": "643e9cdc6abe96cefb0a56269ea615fcd9f878bf74a993272f17cdad637f0a9d"
        },
        "pipfile-spec": 6,
        "requires": {},
        "sources": [
            {
                "url": "https://pypi.python.org/simple",
                "verify_ssl": true
            }
        ]
    },
    "default": {
        "blinker": {
            "hashes": [
                "sha256:471aee25f3992bd325afa3772f1063dbdbbca947a041b8b89466dc00d606f8b6"
            ],
            "version": "==1.4"
        },
        "certifi": {
            "hashes": [
                "sha256:14131608ad2fd56836d33a71ee60fa1c82bc9d2c8d98b7bdbc631fe1b3cd1296",
                "sha256:edbc3f203427eef571f79a7692bb160a2b0f7ccaa31953e99bd17e307cf63f7d"
            ],
            "version": "==2018.1.18"
        },
        "chardet": {
            "hashes": [
                "sha256:84ab92ed1c4d4f16916e05906b6b75a6c0fb5db821cc65e70cbd64a3e2a5eaae",
                "sha256:fc323ffcaeaed0e0a02bf4d117757b98aed530d9ed4531e3e15460124c106691"
            ],
            "version": "==3.0.4"
        },
        "click": {
            "hashes": [
                "sha256:29f99fc6125fbc931b758dc053b3114e55c77a6e4c6c3a2674a2dc986016381d",
                "sha256:f15516df478d5a56180fbf80e68f206010e6d160fc39fa508b65e035fd75130b"
            ],
            "version": "==6.7"
        },
        "contextlib2": {
            "hashes": [
                "sha256:509f9419ee91cdd00ba34443217d5ca51f5a364a404e1dce9e8979cea969ca48",
                "sha256:f5260a6e679d2ff42ec91ec5252f4eeffdcf21053db9113bd0a8e4d953769c00"
            ],
            "markers": "python_version < '3.2'",
            "version": "==0.5.5"
        },
        "flask": {
            "hashes": [
                "sha256:6c3130c8927109a08225993e4e503de4ac4f2678678ae211b33b519c622a7242",
                "sha256:9dce4b6bfbb5b062181d3f7da8f727ff70c1156cbb4024351eafd426deb5fb88"
            ],
            "version": "==0.12.1"
        },
        "gunicorn": {
            "hashes": [
                "sha256:1c62764ceea2d28602843e3e3abd459194f976b8f27627116787977ced47923f",
                "sha256:44cda4183586467493deaa616ac16f42b2f33bfaa57d4d5c07999d6db78c40ec"
            ],
            "version": "==19.5.0"
        },
        "idna": {
            "hashes": [
                "sha256:2c6a5de3089009e3da7c5dde64a141dbc8551d5b7f6cf4ed7c2568d0cc520a8f",
                "sha256:8c7309c718f94b3a625cb648ace320157ad16ff131ae0af362c9f21b80ef6ec4"
            ],
            "version": "==2.6"
        },
        "itsdangerous": {
            "hashes": [
                "sha256:cbb3fcf8d3e33df861709ecaf89d9e6629cff0a217bc2848f1b41cd30d360519"
            ],
            "version": "==0.24"
        },
        "jinja2": {
            "hashes": [
                "sha256:74c935a1b8bb9a3947c50a54766a969d4846290e1e788ea44c1392163723c3bd",
                "sha256:f84be1bb0040caca4cea721fcbbbbd61f9be9464ca236387158b0feea01914a4"
            ],
            "version": "==2.10"
        },
        "markupsafe": {
            "hashes": [
                "sha256:a6be69091dac236ea9c6bc7d012beab42010fa914c459791d627dad4910eb665"
            ],
            "version": "==1.0"
        },
        "mock": {
            "hashes": [
                "sha256:5ce3c71c5545b472da17b72268978914d0252980348636840bd34a00b5cc96c1",
                "sha256:b158b6df76edd239b8208d481dc46b6afd45a846b7812ff0ce58971cf5bc8bba"
            ],
            "version": "==2.0.0"
        },
        "pbr": {
            "hashes": [
                "sha256:05f61c71aaefc02d8e37c0a3eeb9815ff526ea28b3b76324769e6158d7f95be1",
                "sha256:60c25b7dfd054ef9bb0ae327af949dd4676aa09ac3a9471cdc871d8a9213f9ac"
            ],
            "version": "==3.1.1"
        },
        "pycountry": {
            "hashes": [
                "sha256:46e4b1a21516e41fe6f8c0ef7a9876da8ce9ac3f719e3fed79cf79fd9b6206ee"
            ],
            "version": "==18.2.23"
        },
        "python-dateutil": {
            "hashes": [
                "sha256:07009062406cffd554a9b4135cd2ff167c9bf6b7aac61fe946c93e69fad1bbd8",
                "sha256:8f95bb7e6edbb2456a51a1fb58c8dca942024b4f5844cae62c90aa88afe6e300"
            ],
            "version": "==2.7.0"
        },
        "python-json-logger": {
            "hashes": [
                "sha256:30999d1d742ecf6645991a2ce9273188505e98b713ad63be06aabff47dd1b3c4",
                "sha256:8205cfe7061715de5cd1b37e3565d5b97d0ac13b30ff3ee612554abb6093d640"
            ],
            "version": "==0.1.8"
        },
        "raven": {
            "hashes": [
                "sha256:738a52019d01955d5b44b49d67c9f2f4cedb1b4f70d4fb0b493931174d00e044",
                "sha256:92bf4c4819472ed20f1b9905eeeafe1bc6fe5f273d7c14506fdb8fb3a6ab2074"
            ],
            "version": "==6.6.0"
        },
        "requests": {
            "hashes": [
                "sha256:6a1b267aa90cac58ac3a765d067950e7dbbf75b1da07e895d1f594193a40a38b",
                "sha256:9c443e7324ba5b85070c4a818ade28bfabedf16ea10206da1132edaa6dda237e"
            ],
            "version": "==2.18.4"
        },
        "six": {
            "hashes": [
                "sha256:70e8a77beed4562e7f14fe23a786b54f6296e34344c23bc42f07b15018ff98e9",
                "sha256:832dc0e10feb1aa2c68dcc57dbb658f1c7e65b9b61af69048abc87a2db00a0eb"
            ],
            "version": "==1.11.0"
        },
        "urllib3": {
            "hashes": [
                "sha256:06330f386d6e4b195fbfc736b297f58c5a892e4440e54d294d7004e3a9bbea1b",
                "sha256:cc44da8e1145637334317feebd728bd869a35285b93cbb4cca2577da7e62db4f"
            ],
            "version": "==1.22"
        },
        "werkzeug": {
            "hashes": [
                "sha256:c3fd7a7d41976d9f44db327260e263132466836cef6f91512889ed60ad26557c",
                "sha256:d5da73735293558eb1651ee2fddc4d0dedcfa06538b8813a2e20011583c9e49b"
            ],
            "version": "==0.14.1"
        }
    },
    "develop": {
        "mypy": {
            "hashes": [
                "sha256:3ff4d75116c8fd182440f769dea98e07438def93b0685bf3893511f84df4aeee",
                "sha256:61778d7365998c87ac9edbb9ef9fa95bd0e3c021d5d7c6e655b523a9eb69797c",
                "sha256:7208aebc9d3998d1ed3d8232bf6a41f12f361fd57f5d96f1f4a4b684366f2260",
                "sha256:b9739be2c7bf776de858a21e6b582c010a0749199da9733359701ece9715757d"
            ],
            "version": "==0.511"
        },
        "typed-ast": {
            "hashes": [
                "sha256:01a8bf369defc49b7ccc7bac61f6eff866d56f38eed0344c205376b55cc2e4fa",
                "sha256:29451952e2036e78908e42dd5857fb1b2cddb5c57ea84dc4573ca4760e160a5c",
                "sha256:3c75a01638d961f282ab34841fbdfffc950beb03f0675b2d15b4030253a9cae2",
                "sha256:55a50837751d6ec53f1b427d2af35b23fcebf260f8235d3ebe0a0086dbdc51d3",
                "sha256:5a3f8b5a6cd4957c1173ba7d7d7787f9772678e735adf2ce2b61c35300c02552",
                "sha256:5a85191b6d12f3627907c02142a66ea7ea3aa4e48bb828107aae5a6a53808cab",
                "sha256:5d817a60ca3bc13c5edf750a7fbfce87ca6754f9f7549b5be663c9d847aca2d7",
                "sha256:73f09aac0119f6664a3f471a1ec1c9b719f572bc9212913cea96a78b22c2e96e",
                "sha256:929ee73294bd12b7726d0a4a05be98439e14c65057853e973c7560fd6446b7c2",
                "sha256:b1cf176673be4f0f25ad39f3d32d72ef35dd99f5ac6138c320f69cf60e4cddec",
                "sha256:ccd7ead8df5b2ca8b35e53a45302e5b4ae1ec271101a470a1d3ff49045d0bd01",
                "sha256:e405d6803050ea1aa1a60990b0fb7a7c6eeed3cb7a67ae7a027b72b106f1c8c3",
                "sha256:ee59e4eebd6a918a0068947d6c837ce692e0a5872e2fb94115f89b1f5baeed89",
                "sha256:f2be992eae010b93b065e9b69b1692ec368aa86de2e3f3cf060cb85673428fc5"
            ],
            "version": "==1.0.4"
        }
    }
}
